github.com/ystepanoff/hugo-neko v1.0.1-0.20250106105235-5d7d9acdf4e2 h1:GrEz942U7udfuvkya+KmLmmN7QPMgaiDkalSmfAVDp4=
github.com/ystepanoff/hugo-neko v1.0.1-0.20250106105235-5d7d9acdf4e2/go.mod h1:1walgyMiIrU8IKHJ7JAHqZ/iM1Anqxv9lWaf5Clck8k=
github.com/ystepanoff/hugo-neko v1.0.1 h1:PZwBQb+CoE6Ou8wF5z9FJ5xG8paWlRN+ykVS5YlCHLw=
github.com/ystepanoff/hugo-neko v1.0.1/go.mod h1:1walgyMiIrU8IKHJ7JAHqZ/iM1Anqxv9lWaf5Clck8k=
