github.com/ystepanoff/hugo-neko v1.0.0 h1:J2nsVxooAMW1Hg7Wqoq1efOapAUUH52V72ptkHR0/jc=
github.com/ystepanoff/hugo-neko v1.0.0/go.mod h1:1walgyMiIrU8IKHJ7JAHqZ/iM1Anqxv9lWaf5Clck8k=
github.com/ystepanoff/hugo-neko v1.0.1-0.20250106104628-62d79044b9f7 h1:R9EPTyWDB5I6+9BHPEypLEEy4D9BmVGTboTrPFnbbp8=
github.com/ystepanoff/hugo-neko v1.0.1-0.20250106104628-62d79044b9f7/go.mod h1:1walgyMiIrU8IKHJ7JAHqZ/iM1Anqxv9lWaf5Clck8k=
